// !$*UTF8*$!
{
	archiveVersion = 1;
	classes = {
	};
	objectVersion = 46;
	objects = {

/* Begin PBXBuildFile section */
		4369B5C51F17B2100050236D /* AppDelegate.swift in Sources */ = {isa = PBXBuildFile; fileRef = 4369B5C41F17B2100050236D /* AppDelegate.swift */; };
		4369B5C71F17B2100050236D /* ViewController.swift in Sources */ = {isa = PBXBuildFile; fileRef = 4369B5C61F17B2100050236D /* ViewController.swift */; };
		4369B5CA1F17B2100050236D /* Main.storyboard in Resources */ = {isa = PBXBuildFile; fileRef = 4369B5C81F17B2100050236D /* Main.storyboard */; };
		4369B5CC1F17B2100050236D /* Assets.xcassets in Resources */ = {isa = PBXBuildFile; fileRef = 4369B5CB1F17B2100050236D /* Assets.xcassets */; };
		4369B5CF1F17B2100050236D /* LaunchScreen.storyboard in Resources */ = {isa = PBXBuildFile; fileRef = 4369B5CD1F17B2100050236D /* LaunchScreen.storyboard */; };
		4369B5DA1F17B2100050236D /* viewusingmodelclassTests.swift in Sources */ = {isa = PBXBuildFile; fileRef = 4369B5D91F17B2100050236D /* viewusingmodelclassTests.swift */; };
		4369B5E51F17B2100050236D /* viewusingmodelclassUITests.swift in Sources */ = {isa = PBXBuildFile; fileRef = 4369B5E41F17B2100050236D /* viewusingmodelclassUITests.swift */; };
		4369B5F31F17B3710050236D /* personmodel.swift in Sources */ = {isa = PBXBuildFile; fileRef = 4369B5F21F17B3710050236D /* personmodel.swift */; };
		43752B681F761CFA00FD8B6D /* Product.swift in Sources */ = {isa = PBXBuildFile; fileRef = 43752B661F761CFA00FD8B6D /* Product.swift */; };
		43752B691F761CFA00FD8B6D /* ProductMain.swift in Sources */ = {isa = PBXBuildFile; fileRef = 43752B671F761CFA00FD8B6D /* ProductMain.swift */; };
		43752B6C1F76296500FD8B6D /* RegisterViewController.swift in Sources */ = {isa = PBXBuildFile; fileRef = 43752B6B1F76296500FD8B6D /* RegisterViewController.swift */; };
		43752B6E1F76329800FD8B6D /* ProductListViewController.swift in Sources */ = {isa = PBXBuildFile; fileRef = 43752B6D1F76329800FD8B6D /* ProductListViewController.swift */; };
/* End PBXBuildFile section */

/* Begin PBXContainerItemProxy section */
		4369B5D61F17B2100050236D /* PBXContainerItemProxy */ = {
			isa = PBXContainerItemProxy;
			containerPortal = 4369B5B91F17B2100050236D /* Project object */;
			proxyType = 1;
			remoteGlobalIDString = 4369B5C01F17B2100050236D;
			remoteInfo = viewusingmodelclass;
		};
		4369B5E11F17B2100050236D /* PBXContainerItemProxy */ = {
			isa = PBXContainerItemProxy;
			containerPortal = 4369B5B91F17B2100050236D /* Project object */;
			proxyType = 1;
			remoteGlobalIDString = 4369B5C01F17B2100050236D;
			remoteInfo = viewusingmodelclass;
		};
/* End PBXContainerItemProxy section */

/* Begin PBXFileReference section */
		4369B5C11F17B2100050236D /* viewusingmodelclass.app */ = {isa = PBXFileReference; explicitFileType = wrapper.application; includeInIndex = 0; path = viewusingmodelclass.app; sourceTree = BUILT_PRODUCTS_DIR; };
		4369B5C41F17B2100050236D /* AppDelegate.swift */ = {isa = PBXFileReference; lastKnownFileType = sourcecode.swift; path = AppDelegate.swift; sourceTree = "<group>"; };
		4369B5C61F17B2100050236D /* ViewController.swift */ = {isa = PBXFileReference; lastKnownFileType = sourcecode.swift; path = ViewController.swift; sourceTree = "<group>"; };
		4369B5C91F17B2100050236D /* Base */ = {isa = PBXFileReference; lastKnownFileType = file.storyboard; name = Base; path = Base.lproj/Main.storyboard; sourceTree = "<group>"; };
		4369B5CB1F17B2100050236D /* Assets.xcassets */ = {isa = PBXFileReference; lastKnownFileType = folder.assetcatalog; path = Assets.xcassets; sourceTree = "<group>"; };
		4369B5CE1F17B2100050236D /* Base */ = {isa = PBXFileReference; lastKnownFileType = file.storyboard; name = Base; path = Base.lproj/LaunchScreen.storyboard; sourceTree = "<group>"; };
		4369B5D01F17B2100050236D /* Info.plist */ = {isa = PBXFileReference; lastKnownFileType = text.plist.xml; path = Info.plist; sourceTree = "<group>"; };
		4369B5D51F17B2100050236D /* viewusingmodelclassTests.xctest */ = {isa = PBXFileReference; explicitFileType = wrapper.cfbundle; includeInIndex = 0; path = viewusingmodelclassTests.xctest; sourceTree = BUILT_PRODUCTS_DIR; };
		4369B5D91F17B2100050236D /* viewusingmodelclassTests.swift */ = {isa = PBXFileReference; lastKnownFileType = sourcecode.swift; path = viewusingmodelclassTests.swift; sourceTree = "<group>"; };
		4369B5DB1F17B2100050236D /* Info.plist */ = {isa = PBXFileReference; lastKnownFileType = text.plist.xml; path = Info.plist; sourceTree = "<group>"; };
		4369B5E01F17B2100050236D /* viewusingmodelclassUITests.xctest */ = {isa = PBXFileReference; explicitFileType = wrapper.cfbundle; includeInIndex = 0; path = viewusingmodelclassUITests.xctest; sourceTree = BUILT_PRODUCTS_DIR; };
		4369B5E41F17B2100050236D /* viewusingmodelclassUITests.swift */ = {isa = PBXFileReference; lastKnownFileType = sourcecode.swift; path = viewusingmodelclassUITests.swift; sourceTree = "<group>"; };
		4369B5E61F17B2100050236D /* Info.plist */ = {isa = PBXFileReference; lastKnownFileType = text.plist.xml; path = Info.plist; sourceTree = "<group>"; };
		4369B5F21F17B3710050236D /* personmodel.swift */ = {isa = PBXFileReference; fileEncoding = 4; lastKnownFileType = sourcecode.swift; name = personmodel.swift; path = ../personmodel.swift; sourceTree = "<group>"; };
		43752B661F761CFA00FD8B6D /* Product.swift */ = {isa = PBXFileReference; fileEncoding = 4; lastKnownFileType = sourcecode.swift; path = Product.swift; sourceTree = "<group>"; };
		43752B671F761CFA00FD8B6D /* ProductMain.swift */ = {isa = PBXFileReference; fileEncoding = 4; lastKnownFileType = sourcecode.swift; path = ProductMain.swift; sourceTree = "<group>"; };
		43752B6B1F76296500FD8B6D /* RegisterViewController.swift */ = {isa = PBXFileReference; fileEncoding = 4; lastKnownFileType = sourcecode.swift; path = RegisterViewController.swift; sourceTree = "<group>"; };
		43752B6D1F76329800FD8B6D /* ProductListViewController.swift */ = {isa = PBXFileReference; fileEncoding = 4; lastKnownFileType = sourcecode.swift; path = ProductListViewController.swift; sourceTree = "<group>"; };
/* End PBXFileReference section */

/* Begin PBXFrameworksBuildPhase section */
		4369B5BE1F17B2100050236D /* Frameworks */ = {
			isa = PBXFrameworksBuildPhase;
			buildActionMask = 2147483647;
			files = (
			);
			runOnlyForDeploymentPostprocessing = 0;
		};
		4369B5D21F17B2100050236D /* Frameworks */ = {
			isa = PBXFrameworksBuildPhase;
			buildActionMask = 2147483647;
			files = (
			);
			runOnlyForDeploymentPostprocessing = 0;
		};
		4369B5DD1F17B2100050236D /* Frameworks */ = {
			isa = PBXFrameworksBuildPhase;
			buildActionMask = 2147483647;
			files = (
			);
			runOnlyForDeploymentPostprocessing = 0;
		};
/* End PBXFrameworksBuildPhase section */

/* Begin PBXGroup section */
		4369B5B81F17B2100050236D = {
			isa = PBXGroup;
			children = (
				43752B6A1F76294600FD8B6D /* ViewControllers */,
				43752B651F761CE400FD8B6D /* Models */,
				4369B5C31F17B2100050236D /* viewusingmodelclass */,
				4369B5D81F17B2100050236D /* viewusingmodelclassTests */,
				4369B5E31F17B2100050236D /* viewusingmodelclassUITests */,
				4369B5C21F17B2100050236D /* Products */,
			);
			sourceTree = "<group>";
		};
		4369B5C21F17B2100050236D /* Products */ = {
			isa = PBXGroup;
			children = (
				4369B5C11F17B2100050236D /* viewusingmodelclass.app */,
				4369B5D51F17B2100050236D /* viewusingmodelclassTests.xctest */,
				4369B5E01F17B2100050236D /* viewusingmodelclassUITests.xctest */,
			);
			name = Products;
			sourceTree = "<group>";
		};
		4369B5C31F17B2100050236D /* viewusingmodelclass */ = {
			isa = PBXGroup;
			children = (
				4369B5C41F17B2100050236D /* AppDelegate.swift */,
				4369B5C61F17B2100050236D /* ViewController.swift */,
				4369B5F21F17B3710050236D /* personmodel.swift */,
				4369B5C81F17B2100050236D /* Main.storyboard */,
				4369B5CB1F17B2100050236D /* Assets.xcassets */,
				4369B5CD1F17B2100050236D /* LaunchScreen.storyboard */,
				4369B5D01F17B2100050236D /* Info.plist */,
			);
			path = viewusingmodelclass;
			sourceTree = "<group>";
		};
		4369B5D81F17B2100050236D /* viewusingmodelclassTests */ = {
			isa = PBXGroup;
			children = (
				4369B5D91F17B2100050236D /* viewusingmodelclassTests.swift */,
				4369B5DB1F17B2100050236D /* Info.plist */,
			);
			path = viewusingmodelclassTests;
			sourceTree = "<group>";
		};
		4369B5E31F17B2100050236D /* viewusingmodelclassUITests */ = {
			isa = PBXGroup;
			children = (
				4369B5E41F17B2100050236D /* viewusingmodelclassUITests.swift */,
				4369B5E61F17B2100050236D /* Info.plist */,
			);
			path = viewusingmodelclassUITests;
			sourceTree = "<group>";
		};
		43752B651F761CE400FD8B6D /* Models */ = {
			isa = PBXGroup;
			children = (
				43752B661F761CFA00FD8B6D /* Product.swift */,
				43752B671F761CFA00FD8B6D /* ProductMain.swift */,
			);
			path = Models;
			sourceTree = "<group>";
		};
		43752B6A1F76294600FD8B6D /* ViewControllers */ = {
			isa = PBXGroup;
			children = (
				43752B6B1F76296500FD8B6D /* RegisterViewController.swift */,
				43752B6D1F76329800FD8B6D /* ProductListViewController.swift */,
			);
			path = ViewControllers;
			sourceTree = "<group>";
		};
/* End PBXGroup section */

/* Begin PBXNativeTarget section */
		4369B5C01F17B2100050236D /* viewusingmodelclass */ = {
			isa = PBXNativeTarget;
			buildConfigurationList = 4369B5E91F17B2100050236D /* Build configuration list for PBXNativeTarget "viewusingmodelclass" */;
			buildPhases = (
				4369B5BD1F17B2100050236D /* Sources */,
				4369B5BE1F17B2100050236D /* Frameworks */,
				4369B5BF1F17B2100050236D /* Resources */,
			);
			buildRules = (
			);
			dependencies = (
			);
			name = viewusingmodelclass;
			productName = viewusingmodelclass;
			productReference = 4369B5C11F17B2100050236D /* viewusingmodelclass.app */;
			productType = "com.apple.product-type.application";
		};
		4369B5D41F17B2100050236D /* viewusingmodelclassTests */ = {
			isa = PBXNativeTarget;
			buildConfigurationList = 4369B5EC1F17B2100050236D /* Build configuration list for PBXNativeTarget "viewusingmodelclassTests" */;
			buildPhases = (
				4369B5D11F17B2100050236D /* Sources */,
				4369B5D21F17B2100050236D /* Frameworks */,
				4369B5D31F17B2100050236D /* Resources */,
			);
			buildRules = (
			);
			dependencies = (
				4369B5D71F17B2100050236D /* PBXTargetDependency */,
			);
			name = viewusingmodelclassTests;
			productName = viewusingmodelclassTests;
			productReference = 4369B5D51F17B2100050236D /* viewusingmodelclassTests.xctest */;
			productType = "com.apple.product-type.bundle.unit-test";
		};
		4369B5DF1F17B2100050236D /* viewusingmodelclassUITests */ = {
			isa = PBXNativeTarget;
			buildConfigurationList = 4369B5EF1F17B2100050236D /* Build configuration list for PBXNativeTarget "viewusingmodelclassUITests" */;
			buildPhases = (
				4369B5DC1F17B2100050236D /* Sources */,
				4369B5DD1F17B2100050236D /* Frameworks */,
				4369B5DE1F17B2100050236D /* Resources */,
			);
			buildRules = (
			);
			dependencies = (
				4369B5E21F17B2100050236D /* PBXTargetDependency */,
			);
			name = viewusingmodelclassUITests;
			productName = viewusingmodelclassUITests;
			productReference = 4369B5E01F17B2100050236D /* viewusingmodelclassUITests.xctest */;
			productType = "com.apple.product-type.bundle.ui-testing";
		};
/* End PBXNativeTarget section */

/* Begin PBXProject section */
		4369B5B91F17B2100050236D /* Project object */ = {
			isa = PBXProject;
			attributes = {
				LastSwiftUpdateCheck = 0810;
				LastUpgradeCheck = 0810;
				ORGANIZATIONNAME = bansi;
				TargetAttributes = {
					4369B5C01F17B2100050236D = {
						CreatedOnToolsVersion = 8.1;
						DevelopmentTeam = G2CU65X6LJ;
						ProvisioningStyle = Automatic;
					};
					4369B5D41F17B2100050236D = {
						CreatedOnToolsVersion = 8.1;
						DevelopmentTeam = G2CU65X6LJ;
						ProvisioningStyle = Automatic;
						TestTargetID = 4369B5C01F17B2100050236D;
					};
					4369B5DF1F17B2100050236D = {
						CreatedOnToolsVersion = 8.1;
						DevelopmentTeam = G2CU65X6LJ;
						ProvisioningStyle = Automatic;
						TestTargetID = 4369B5C01F17B2100050236D;
					};
				};
			};
			buildConfigurationList = 4369B5BC1F17B2100050236D /* Build configuration list for PBXProject "viewusingmodelclass" */;
			compatibilityVersion = "Xcode 3.2";
			developmentRegion = English;
			hasScannedForEncodings = 0;
			knownRegions = (
				en,
				Base,
			);
			mainGroup = 4369B5B81F17B2100050236D;
			productRefGroup = 4369B5C21F17B2100050236D /* Products */;
			projectDirPath = "";
			projectRoot = "";
			targets = (
				4369B5C01F17B2100050236D /* viewusingmodelclass */,
				4369B5D41F17B2100050236D /* viewusingmodelclassTests */,
				4369B5DF1F17B2100050236D /* viewusingmodelclassUITests */,
			);
		};
/* End PBXProject section */

/* Begin PBXResourcesBuildPhase section */
		4369B5BF1F17B2100050236D /* Resources */ = {
			isa = PBXResourcesBuildPhase;
			buildActionMask = 2147483647;
			files = (
				4369B5CF1F17B2100050236D /* LaunchScreen.storyboard in Resources */,
				4369B5CC1F17B2100050236D /* Assets.xcassets in Resources */,
				4369B5CA1F17B2100050236D /* Main.storyboard in Resources */,
			);
			runOnlyForDeploymentPostprocessing = 0;
		};
		4369B5D31F17B2100050236D /* Resources */ = {
			isa = PBXResourcesBuildPhase;
			buildActionMask = 2147483647;
			files = (
			);
			runOnlyForDeploymentPostprocessing = 0;
		};
		4369B5DE1F17B2100050236D /* Resources */ = {
			isa = PBXResourcesBuildPhase;
			buildActionMask = 2147483647;
			files = (
			);
			runOnlyForDeploymentPostprocessing = 0;
		};
/* End PBXResourcesBuildPhase section */

/* Begin PBXSourcesBuildPhase section */
		4369B5BD1F17B2100050236D /* Sources */ = {
			isa = PBXSourcesBuildPhase;
			buildActionMask = 2147483647;
			files = (
				4369B5C71F17B2100050236D /* ViewController.swift in Sources */,
				43752B691F761CFA00FD8B6D /* ProductMain.swift in Sources */,
				43752B6E1F76329800FD8B6D /* ProductListViewController.swift in Sources */,
				43752B681F761CFA00FD8B6D /* Product.swift in Sources */,
				43752B6C1F76296500FD8B6D /* RegisterViewController.swift in Sources */,
				4369B5F31F17B3710050236D /* personmodel.swift in Sources */,
				4369B5C51F17B2100050236D /* AppDelegate.swift in Sources */,
			);
			runOnlyForDeploymentPostprocessing = 0;
		};
		4369B5D11F17B2100050236D /* Sources */ = {
			isa = PBXSourcesBuildPhase;
			buildActionMask = 2147483647;
			files = (
				4369B5DA1F17B2100050236D /* viewusingmodelclassTests.swift in Sources */,
			);
			runOnlyForDeploymentPostprocessing = 0;
		};
		4369B5DC1F17B2100050236D /* Sources */ = {
			isa = PBXSourcesBuildPhase;
			buildActionMask = 2147483647;
			files = (
				4369B5E51F17B2100050236D /* viewusingmodelclassUITests.swift in Sources */,
			);
			runOnlyForDeploymentPostprocessing = 0;
		};
/* End PBXSourcesBuildPhase section */

/* Begin PBXTargetDependency section */
		4369B5D71F17B2100050236D /* PBXTargetDependency */ = {
			isa = PBXTargetDependency;
			target = 4369B5C01F17B2100050236D /* viewusingmodelclass */;
			targetProxy = 4369B5D61F17B2100050236D /* PBXContainerItemProxy */;
		};
		4369B5E21F17B2100050236D /* PBXTargetDependency */ = {
			isa = PBXTargetDependency;
			target = 4369B5C01F17B2100050236D /* viewusingmodelclass */;
			targetProxy = 4369B5E11F17B2100050236D /* PBXContainerItemProxy */;
		};
/* End PBXTargetDependency section */

/* Begin PBXVariantGroup section */
		4369B5C81F17B2100050236D /* Main.storyboard */ = {
			isa = PBXVariantGroup;
			children = (
				4369B5C91F17B2100050236D /* Base */,
			);
			name = Main.storyboard;
			sourceTree = "<group>";
		};
		4369B5CD1F17B2100050236D /* LaunchScreen.storyboard */ = {
			isa = PBXVariantGroup;
			children = (
				4369B5CE1F17B2100050236D /* Base */,
			);
			name = LaunchScreen.storyboard;
			sourceTree = "<group>";
		};
/* End PBXVariantGroup section */

/* Begin XCBuildConfiguration section */
		4369B5E71F17B2100050236D /* Debug */ = {
			isa = XCBuildConfiguration;
			buildSettings = {
				ALWAYS_SEARCH_USER_PATHS = NO;
				CLANG_ANALYZER_NONNULL = YES;
				CLANG_CXX_LANGUAGE_STANDARD = "gnu++0x";
				CLANG_CXX_LIBRARY = "libc++";
				CLANG_ENABLE_MODULES = YES;
				CLANG_ENABLE_OBJC_ARC = YES;
				CLANG_WARN_BOOL_CONVERSION = YES;
				CLANG_WARN_CONSTANT_CONVERSION = YES;
				CLANG_WARN_DIRECT_OBJC_ISA_USAGE = YES_ERROR;
				CLANG_WARN_DOCUMENTATION_COMMENTS = YES;
				CLANG_WARN_EMPTY_BODY = YES;
				CLANG_WARN_ENUM_CONVERSION = YES;
				CLANG_WARN_INFINITE_RECURSION = YES;
				CLANG_WARN_INT_CONVERSION = YES;
				CLANG_WARN_OBJC_ROOT_CLASS = YES_ERROR;
				CLANG_WARN_SUSPICIOUS_MOVES = YES;
				CLANG_WARN_UNREACHABLE_CODE = YES;
				CLANG_WARN__DUPLICATE_METHOD_MATCH = YES;
				"CODE_SIGN_IDENTITY[sdk=iphoneos*]" = "iPhone Developer";
				COPY_PHASE_STRIP = NO;
				DEBUG_INFORMATION_FORMAT = dwarf;
				ENABLE_STRICT_OBJC_MSGSEND = YES;
				ENABLE_TESTABILITY = YES;
				GCC_C_LANGUAGE_STANDARD = gnu99;
				GCC_DYNAMIC_NO_PIC = NO;
				GCC_NO_COMMON_BLOCKS = YES;
				GCC_OPTIMIZATION_LEVEL = 0;
				GCC_PREPROCESSOR_DEFINITIONS = (
					"DEBUG=1",
					"$(inherited)",
				);
				GCC_WARN_64_TO_32_BIT_CONVERSION = YES;
				GCC_WARN_ABOUT_RETURN_TYPE = YES_ERROR;
				GCC_WARN_UNDECLARED_SELECTOR = YES;
				GCC_WARN_UNINITIALIZED_AUTOS = YES_AGGRESSIVE;
				GCC_WARN_UNUSED_FUNCTION = YES;
				GCC_WARN_UNUSED_VARIABLE = YES;
				IPHONEOS_DEPLOYMENT_TARGET = 10.1;
				MTL_ENABLE_DEBUG_INFO = YES;
				ONLY_ACTIVE_ARCH = YES;
				SDKROOT = iphoneos;
				SWIFT_ACTIVE_COMPILATION_CONDITIONS = DEBUG;
				SWIFT_OPTIMIZATION_LEVEL = "-Onone";
			};
			name = Debug;
		};
		4369B5E81F17B2100050236D /* Release */ = {
			isa = XCBuildConfiguration;
			buildSettings = {
				ALWAYS_SEARCH_USER_PATHS = NO;
				CLANG_ANALYZER_NONNULL = YES;
				CLANG_CXX_LANGUAGE_STANDARD = "gnu++0x";
				CLANG_CXX_LIBRARY = "libc++";
				CLANG_ENABLE_MODULES = YES;
				CLANG_ENABLE_OBJC_ARC = YES;
				CLANG_WARN_BOOL_CONVERSION = YES;
				CLANG_WARN_CONSTANT_CONVERSION = YES;
				CLANG_WARN_DIRECT_OBJC_ISA_USAGE = YES_ERROR;
				CLANG_WARN_DOCUMENTATION_COMMENTS = YES;
				CLANG_WARN_EMPTY_BODY = YES;
				CLANG_WARN_ENUM_CONVERSION = YES;
				CLANG_WARN_INFINITE_RECURSION = YES;
				CLANG_WARN_INT_CONVERSION = YES;
				CLANG_WARN_OBJC_ROOT_CLASS = YES_ERROR;
				CLANG_WARN_SUSPICIOUS_MOVES = YES;
				CLANG_WARN_UNREACHABLE_CODE = YES;
				CLANG_WARN__DUPLICATE_METHOD_MATCH = YES;
				"CODE_SIGN_IDENTITY[sdk=iphoneos*]" = "iPhone Developer";
				COPY_PHASE_STRIP = NO;
				DEBUG_INFORMATION_FORMAT = "dwarf-with-dsym";
				ENABLE_NS_ASSERTIONS = NO;
				ENABLE_STRICT_OBJC_MSGSEND = YES;
				GCC_C_LANGUAGE_STANDARD = gnu99;
				GCC_NO_COMMON_BLOCKS = YES;
				GCC_WARN_64_TO_32_BIT_CONVERSION = YES;
				GCC_WARN_ABOUT_RETURN_TYPE = YES_ERROR;
				GCC_WARN_UNDECLARED_SELECTOR = YES;
				GCC_WARN_UNINITIALIZED_AUTOS = YES_AGGRESSIVE;
				GCC_WARN_UNUSED_FUNCTION = YES;
				GCC_WARN_UNUSED_VARIABLE = YES;
				IPHONEOS_DEPLOYMENT_TARGET = 10.1;
				MTL_ENABLE_DEBUG_INFO = NO;
				SDKROOT = iphoneos;
				SWIFT_OPTIMIZATION_LEVEL = "-Owholemodule";
				VALIDATE_PRODUCT = YES;
			};
			name = Release;
		};
		4369B5EA1F17B2100050236D /* Debug */ = {
			isa = XCBuildConfiguration;
			buildSettings = {
				ASSETCATALOG_COMPILER_APPICON_NAME = AppIcon;
				DEVELOPMENT_TEAM = G2CU65X6LJ;
				INFOPLIST_FILE = viewusingmodelclass/Info.plist;
				LD_RUNPATH_SEARCH_PATHS = "$(inherited) @executable_path/Frameworks";
				PRODUCT_BUNDLE_IDENTIFIER = bansi.viewusingmodelclass;
				PRODUCT_NAME = "$(TARGET_NAME)";
				SWIFT_VERSION = 3.0;
			};
			name = Debug;
		};
		4369B5EB1F17B2100050236D /* Release */ = {
			isa = XCBuildConfiguration;
			buildSettings = {
				ASSETCATALOG_COMPILER_APPICON_NAME = AppIcon;
				DEVELOPMENT_TEAM = G2CU65X6LJ;
				INFOPLIST_FILE = viewusingmodelclass/Info.plist;
				LD_RUNPATH_SEARCH_PATHS = "$(inherited) @executable_path/Frameworks";
				PRODUCT_BUNDLE_IDENTIFIER = bansi.viewusingmodelclass;
				PRODUCT_NAME = "$(TARGET_NAME)";
				SWIFT_VERSION = 3.0;
			};
			name = Release;
		};
		4369B5ED1F17B2100050236D /* Debug */ = {
			isa = XCBuildConfiguration;
			buildSettings = {
				ALWAYS_EMBED_SWIFT_STANDARD_LIBRARIES = YES;
				BUNDLE_LOADER = "$(TEST_HOST)";
				DEVELOPMENT_TEAM = G2CU65X6LJ;
				INFOPLIST_FILE = viewusingmodelclassTests/Info.plist;
				LD_RUNPATH_SEARCH_PATHS = "$(inherited) @executable_path/Frameworks @loader_path/Frameworks";
				PRODUCT_BUNDLE_IDENTIFIER = bansi.viewusingmodelclassTests;
				PRODUCT_NAME = "$(TARGET_NAME)";
				SWIFT_VERSION = 3.0;
				TEST_HOST = "$(BUILT_PRODUCTS_DIR)/viewusingmodelclass.app/viewusingmodelclass";
			};
			name = Debug;
		};
		4369B5EE1F17B2100050236D /* Release */ = {
			isa = XCBuildConfiguration;
			buildSettings = {
				ALWAYS_EMBED_SWIFT_STANDARD_LIBRARIES = YES;
				BUNDLE_LOADER = "$(TEST_HOST)";
				DEVELOPMENT_TEAM = G2CU65X6LJ;
				INFOPLIST_FILE = viewusingmodelclassTests/Info.plist;
				LD_RUNPATH_SEARCH_PATHS = "$(inherited) @executable_path/Frameworks @loader_path/Frameworks";
				PRODUCT_BUNDLE_IDENTIFIER = bansi.viewusingmodelclassTests;
				PRODUCT_NAME = "$(TARGET_NAME)";
				SWIFT_VERSION = 3.0;
				TEST_HOST = "$(BUILT_PRODUCTS_DIR)/viewusingmodelclass.app/viewusingmodelclass";
			};
			name = Release;
		};
		4369B5F01F17B2100050236D /* Debug */ = {
			isa = XCBuildConfiguration;
			buildSettings = {
				ALWAYS_EMBED_SWIFT_STANDARD_LIBRARIES = YES;
				DEVELOPMENT_TEAM = G2CU65X6LJ;
				INFOPLIST_FILE = viewusingmodelclassUITests/Info.plist;
				LD_RUNPATH_SEARCH_PATHS = "$(inherited) @executable_path/Frameworks @loader_path/Frameworks";
				PRODUCT_BUNDLE_IDENTIFIER = bansi.viewusingmodelclassUITests;
				PRODUCT_NAME = "$(TARGET_NAME)";
				SWIFT_VERSION = 3.0;
				TEST_TARGET_NAME = viewusingmodelclass;
			};
			name = Debug;
		};
		4369B5F11F17B2100050236D /* Release */ = {
			isa = XCBuildConfiguration;
			buildSettings = {
				ALWAYS_EMBED_SWIFT_STANDARD_LIBRARIES = YES;
				DEVELOPMENT_TEAM = G2CU65X6LJ;
				INFOPLIST_FILE = viewusingmodelclassUITests/Info.plist;
				LD_RUNPATH_SEARCH_PATHS = "$(inherited) @executable_path/Frameworks @loader_path/Frameworks";
				PRODUCT_BUNDLE_IDENTIFIER = bansi.viewusingmodelclassUITests;
				PRODUCT_NAME = "$(TARGET_NAME)";
				SWIFT_VERSION = 3.0;
				TEST_TARGET_NAME = viewusingmodelclass;
			};
			name = Release;
		};
/* End XCBuildConfiguration section */

/* Begin XCConfigurationList section */
		4369B5BC1F17B2100050236D /* Build configuration list for PBXProject "viewusingmodelclass" */ = {
			isa = XCConfigurationList;
			buildConfigurations = (
				4369B5E71F17B2100050236D /* Debug */,
				4369B5E81F17B2100050236D /* Release */,
			);
			defaultConfigurationIsVisible = 0;
			defaultConfigurationName = Release;
		};
		4369B5E91F17B2100050236D /* Build configuration list for PBXNativeTarget "viewusingmodelclass" */ = {
			isa = XCConfigurationList;
			buildConfigurations = (
				4369B5EA1F17B2100050236D /* Debug */,
				4369B5EB1F17B2100050236D /* Release */,
			);
			defaultConfigurationIsVisible = 0;
			defaultConfigurationName = Release;
		};
		4369B5EC1F17B2100050236D /* Build configuration list for PBXNativeTarget "viewusingmodelclassTests" */ = {
			isa = XCConfigurationList;
			buildConfigurations = (
				4369B5ED1F17B2100050236D /* Debug */,
				4369B5EE1F17B2100050236D /* Release */,
			);
			defaultConfigurationIsVisible = 0;
			defaultConfigurationName = Release;
		};
		4369B5EF1F17B2100050236D /* Build configuration list for PBXNativeTarget "viewusingmodelclassUITests" */ = {
			isa = XCConfigurationList;
			buildConfigurations = (
				4369B5F01F17B2100050236D /* Debug */,
				4369B5F11F17B2100050236D /* Release */,
			);
			defaultConfigurationIsVisible = 0;
			defaultConfigurationName = Release;
		};
/* End XCConfigurationList section */
	};
	rootObject = 4369B5B91F17B2100050236D /* Project object */;
}
